
Microsoft Visual Studio Solution File, Format Version 12.00
# Visual Studio 15
Project("{FAE04EC0-301F-11D3-BF4B-00C04F79EFBC}") = "Assembly-CSharp", "Assembly-CSharp.csproj", "{54632F7B-33DB-0C7B-52FA-BBE37A2D6CD0}"
EndProject
Project("{FAE04EC0-301F-11D3-BF4B-00C04F79EFBC}") = "Unity.2D.Tilemap.Extras", "Unity.2D.Tilemap.Extras.csproj", "{0AC10BC2-3FA8-02E3-057A-0A6C40134FBF}"
EndProject
Project("{FAE04EC0-301F-11D3-BF4B-00C04F79EFBC}") = "Assembly-CSharp-firstpass", "Assembly-CSharp-firstpass.csproj", "{EAB9AD12-20F6-B9B5-C6B5-82E65749FE20}"
EndProject
Project("{FAE04EC0-301F-11D3-BF4B-00C04F79EFBC}") = "Unity.2D.Tilemap.Extras.Editor", "Unity.2D.Tilemap.Extras.Editor.csproj", "{8479D2FD-F46D-49F4-BD65-5FE3850C46DF}"
EndProject
Project("{FAE04EC0-301F-11D3-BF4B-00C04F79EFBC}") = "Unity.2D.Tilemap.Extras.Placeholder.EditorTests", "Unity.2D.Tilemap.Extras.Placeholder.EditorTests.csproj", "{EF09D602-11A2-4205-AFA4-88FD0AAC2131}"
EndProject
Project("{FAE04EC0-301F-11D3-BF4B-00C04F79EFBC}") = "Assembly-CSharp-Editor-firstpass", "Assembly-CSharp-Editor-firstpass.csproj", "{B7684C60-750B-4325-ED3B-FA39E10A096B}"
EndProject
Global
	GlobalSection(SolutionConfigurationPlatforms) = preSolution
		Debug|Any CPU = Debug|Any CPU
		Release|Any CPU = Release|Any CPU
	EndGlobalSection
	GlobalSection(ProjectConfigurationPlatforms) = postSolution
		{54632F7B-33DB-0C7B-52FA-BBE37A2D6CD0}.Debug|Any CPU.ActiveCfg = Debug|Any CPU
		{54632F7B-33DB-0C7B-52FA-BBE37A2D6CD0}.Debug|Any CPU.Build.0 = Debug|Any CPU
		{54632F7B-33DB-0C7B-52FA-BBE37A2D6CD0}.Release|Any CPU.ActiveCfg = Release|Any CPU
		{54632F7B-33DB-0C7B-52FA-BBE37A2D6CD0}.Release|Any CPU.Build.0 = Release|Any CPU
		{0AC10BC2-3FA8-02E3-057A-0A6C40134FBF}.Debug|Any CPU.ActiveCfg = Debug|Any CPU
		{0AC10BC2-3FA8-02E3-057A-0A6C40134FBF}.Debug|Any CPU.Build.0 = Debug|Any CPU
		{0AC10BC2-3FA8-02E3-057A-0A6C40134FBF}.Release|Any CPU.ActiveCfg = Release|Any CPU
		{0AC10BC2-3FA8-02E3-057A-0A6C40134FBF}.Release|Any CPU.Build.0 = Release|Any CPU
		{EAB9AD12-20F6-B9B5-C6B5-82E65749FE20}.Debug|Any CPU.ActiveCfg = Debug|Any CPU
		{EAB9AD12-20F6-B9B5-C6B5-82E65749FE20}.Debug|Any CPU.Build.0 = Debug|Any CPU
		{EAB9AD12-20F6-B9B5-C6B5-82E65749FE20}.Release|Any CPU.ActiveCfg = Release|Any CPU
		{EAB9AD12-20F6-B9B5-C6B5-82E65749FE20}.Release|Any CPU.Build.0 = Release|Any CPU
		{8479D2FD-F46D-49F4-BD65-5FE3850C46DF}.Debug|Any CPU.ActiveCfg = Debug|Any CPU
		{8479D2FD-F46D-49F4-BD65-5FE3850C46DF}.Debug|Any CPU.Build.0 = Debug|Any CPU
		{8479D2FD-F46D-49F4-BD65-5FE3850C46DF}.Release|Any CPU.ActiveCfg = Release|Any CPU
		{8479D2FD-F46D-49F4-BD65-5FE3850C46DF}.Release|Any CPU.Build.0 = Release|Any CPU
		{EF09D602-11A2-4205-AFA4-88FD0AAC2131}.Debug|Any CPU.ActiveCfg = Debug|Any CPU
		{EF09D602-11A2-4205-AFA4-88FD0AAC2131}.Debug|Any CPU.Build.0 = Debug|Any CPU
		{EF09D602-11A2-4205-AFA4-88FD0AAC2131}.Release|Any CPU.ActiveCfg = Release|Any CPU
		{EF09D602-11A2-4205-AFA4-88FD0AAC2131}.Release|Any CPU.Build.0 = Release|Any CPU
		{B7684C60-750B-4325-ED3B-FA39E10A096B}.Debug|Any CPU.ActiveCfg = Debug|Any CPU
		{B7684C60-750B-4325-ED3B-FA39E10A096B}.Debug|Any CPU.Build.0 = Debug|Any CPU
		{B7684C60-750B-4325-ED3B-FA39E10A096B}.Release|Any CPU.ActiveCfg = Release|Any CPU
		{B7684C60-750B-4325-ED3B-FA39E10A096B}.Release|Any CPU.Build.0 = Release|Any CPU
	EndGlobalSection
	GlobalSection(SolutionProperties) = preSolution
		HideSolutionNode = FALSE
	EndGlobalSection
EndGlobal
